
Microsoft Visual Studio Solution File, Format Version 12.00
# Visual Studio 15
VisualStudioVersion = 15.0.28307.1022
MinimumVisualStudioVersion = 10.0.40219.1
Project("{FAE04EC0-301F-11D3-BF4B-00C04F79EFBC}") = "ImportEcDataTool", "ImportEcDataTool\ImportEcDataTool.csproj", "{09CF6A17-C884-4638-B7B0-89619E95069E}"
EndProject
Project("{FAE04EC0-301F-11D3-BF4B-00C04F79EFBC}") = "GenerateEcModel", "GenerateEcModel\GenerateEcModel.csproj", "{B76F4451-6B9C-4719-8C01-35D16EEEA684}"
EndProject
Global
	GlobalSection(SolutionConfigurationPlatforms) = preSolution
		Debug|Any CPU = Debug|Any CPU
		Release|Any CPU = Release|Any CPU
	EndGlobalSection
	GlobalSection(ProjectConfigurationPlatforms) = postSolution
		{09CF6A17-C884-4638-B7B0-89619E95069E}.Debug|Any CPU.ActiveCfg = Debug|Any CPU
		{09CF6A17-C884-4638-B7B0-89619E95069E}.Debug|Any CPU.Build.0 = Debug|Any CPU
		{09CF6A17-C884-4638-B7B0-89619E95069E}.Release|Any CPU.ActiveCfg = Release|Any CPU
		{09CF6A17-C884-4638-B7B0-89619E95069E}.Release|Any CPU.Build.0 = Release|Any CPU
		{B76F4451-6B9C-4719-8C01-35D16EEEA684}.Debug|Any CPU.ActiveCfg = Debug|Any CPU
		{B76F4451-6B9C-4719-8C01-35D16EEEA684}.Debug|Any CPU.Build.0 = Debug|Any CPU
		{B76F4451-6B9C-4719-8C01-35D16EEEA684}.Release|Any CPU.ActiveCfg = Release|Any CPU
		{B76F4451-6B9C-4719-8C01-35D16EEEA684}.Release|Any CPU.Build.0 = Release|Any CPU
	EndGlobalSection
	GlobalSection(SolutionProperties) = preSolution
		HideSolutionNode = FALSE
	EndGlobalSection
	GlobalSection(ExtensibilityGlobals) = postSolution
		SolutionGuid = {ABE6A6EF-EB52-4089-90C3-AA29C44AF4B7}
	EndGlobalSection
EndGlobal
